
Microsoft Visual Studio Solution File, Format Version 12.00
# Visual Studio 15
VisualStudioVersion = 15.0.27004.2002
MinimumVisualStudioVersion = 10.0.40219.1
Project("{9A19103F-16F7-4668-BE54-9A1E7A4F7556}") = "MagicMirror", "MagicMirror\MagicMirror.csproj", "{7CA6816F-F08A-426F-98BB-EED736C78C75}"
EndProject
Project("{9A19103F-16F7-4668-BE54-9A1E7A4F7556}") = "DarkSkyCore", "DarkSkyCore\DarkSkyCore.csproj", "{8373EDA5-F43C-4112-A061-16AD5B72AEE0}"
EndProject
Global
	GlobalSection(SolutionConfigurationPlatforms) = preSolution
		Debug|Any CPU = Debug|Any CPU
		Release|Any CPU = Release|Any CPU
	EndGlobalSection
	GlobalSection(ProjectConfigurationPlatforms) = postSolution
		{7CA6816F-F08A-426F-98BB-EED736C78C75}.Debug|Any CPU.ActiveCfg = Debug|Any CPU
		{7CA6816F-F08A-426F-98BB-EED736C78C75}.Debug|Any CPU.Build.0 = Debug|Any CPU
		{7CA6816F-F08A-426F-98BB-EED736C78C75}.Release|Any CPU.ActiveCfg = Release|Any CPU
		{7CA6816F-F08A-426F-98BB-EED736C78C75}.Release|Any CPU.Build.0 = Release|Any CPU
		{8373EDA5-F43C-4112-A061-16AD5B72AEE0}.Debug|Any CPU.ActiveCfg = Debug|Any CPU
		{8373EDA5-F43C-4112-A061-16AD5B72AEE0}.Debug|Any CPU.Build.0 = Debug|Any CPU
		{8373EDA5-F43C-4112-A061-16AD5B72AEE0}.Release|Any CPU.ActiveCfg = Release|Any CPU
		{8373EDA5-F43C-4112-A061-16AD5B72AEE0}.Release|Any CPU.Build.0 = Release|Any CPU
	EndGlobalSection
	GlobalSection(SolutionProperties) = preSolution
		HideSolutionNode = FALSE
	EndGlobalSection
	GlobalSection(ExtensibilityGlobals) = postSolution
		SolutionGuid = {D98831FB-C867-4357-A28B-9C46E7CC0B1C}
	EndGlobalSection
EndGlobal
